
Microsoft Visual Studio Solution File, Format Version 12.00
# Visual Studio Version 17
VisualStudioVersion = 17.8.34525.116
MinimumVisualStudioVersion = 10.0.40219.1
Project("{FAE04EC0-301F-11D3-BF4B-00C04F79EFBC}") = "GPT_console", "GPT_console.csproj", "{C96DC3C3-8EAB-4EEF-BEA7-D15DC0624C76}"
EndProject
Global
	GlobalSection(SolutionConfigurationPlatforms) = preSolution
		Debug|Any CPU = Debug|Any CPU
		Release|Any CPU = Release|Any CPU
	EndGlobalSection
	GlobalSection(ProjectConfigurationPlatforms) = postSolution
		{C96DC3C3-8EAB-4EEF-BEA7-D15DC0624C76}.Debug|Any CPU.ActiveCfg = Debug|Any CPU
		{C96DC3C3-8EAB-4EEF-BEA7-D15DC0624C76}.Debug|Any CPU.Build.0 = Debug|Any CPU
		{C96DC3C3-8EAB-4EEF-BEA7-D15DC0624C76}.Release|Any CPU.ActiveCfg = Release|Any CPU
		{C96DC3C3-8EAB-4EEF-BEA7-D15DC0624C76}.Release|Any CPU.Build.0 = Release|Any CPU
	EndGlobalSection
	GlobalSection(SolutionProperties) = preSolution
		HideSolutionNode = FALSE
	EndGlobalSection
	GlobalSection(ExtensibilityGlobals) = postSolution
		SolutionGuid = {E005F72E-C539-4B52-8CE5-63A551C6ADCE}
	EndGlobalSection
EndGlobal
